
Microsoft Visual Studio Solution File, Format Version 12.00
# Visual Studio Version 17
VisualStudioVersion = 17.11.35222.181
MinimumVisualStudioVersion = 10.0.40219.1
Project("{8BC9CEB8-8B4A-11D0-8D11-00A0C91BC942}") = "week9", "week9.vcxproj", "{39269FFD-32DC-4951-8486-2F3A6BE306E8}"
EndProject
Global
	GlobalSection(SolutionConfigurationPlatforms) = preSolution
		Debug|x64 = Debug|x64
		Debug|x86 = Debug|x86
		Release|x64 = Release|x64
		Release|x86 = Release|x86
	EndGlobalSection
	GlobalSection(ProjectConfigurationPlatforms) = postSolution
		{39269FFD-32DC-4951-8486-2F3A6BE306E8}.Debug|x64.ActiveCfg = Debug|x64
		{39269FFD-32DC-4951-8486-2F3A6BE306E8}.Debug|x64.Build.0 = Debug|x64
		{39269FFD-32DC-4951-8486-2F3A6BE306E8}.Debug|x86.ActiveCfg = Debug|Win32
		{39269FFD-32DC-4951-8486-2F3A6BE306E8}.Debug|x86.Build.0 = Debug|Win32
		{39269FFD-32DC-4951-8486-2F3A6BE306E8}.Release|x64.ActiveCfg = Release|x64
		{39269FFD-32DC-4951-8486-2F3A6BE306E8}.Release|x64.Build.0 = Release|x64
		{39269FFD-32DC-4951-8486-2F3A6BE306E8}.Release|x86.ActiveCfg = Release|Win32
		{39269FFD-32DC-4951-8486-2F3A6BE306E8}.Release|x86.Build.0 = Release|Win32
	EndGlobalSection
	GlobalSection(SolutionProperties) = preSolution
		HideSolutionNode = FALSE
	EndGlobalSection
	GlobalSection(ExtensibilityGlobals) = postSolution
		SolutionGuid = {763956DC-C298-49B4-A1CD-6D04810825C0}
	EndGlobalSection
EndGlobal
